
Microsoft Visual Studio Solution File, Format Version 12.00
# Visual Studio Version 16
VisualStudioVersion = 16.0.32228.343
MinimumVisualStudioVersion = 10.0.40219.1
Project("{FAE04EC0-301F-11D3-BF4B-00C04F79EFBC}") = "session in core", "session in core\session in core.csproj", "{8DF8B6F7-A36C-4A1E-987B-581C494733D8}"
EndProject
Global
	GlobalSection(SolutionConfigurationPlatforms) = preSolution
		Debug|Any CPU = Debug|Any CPU
		Release|Any CPU = Release|Any CPU
	EndGlobalSection
	GlobalSection(ProjectConfigurationPlatforms) = postSolution
		{8DF8B6F7-A36C-4A1E-987B-581C494733D8}.Debug|Any CPU.ActiveCfg = Debug|Any CPU
		{8DF8B6F7-A36C-4A1E-987B-581C494733D8}.Debug|Any CPU.Build.0 = Debug|Any CPU
		{8DF8B6F7-A36C-4A1E-987B-581C494733D8}.Release|Any CPU.ActiveCfg = Release|Any CPU
		{8DF8B6F7-A36C-4A1E-987B-581C494733D8}.Release|Any CPU.Build.0 = Release|Any CPU
	EndGlobalSection
	GlobalSection(SolutionProperties) = preSolution
		HideSolutionNode = FALSE
	EndGlobalSection
	GlobalSection(ExtensibilityGlobals) = postSolution
		SolutionGuid = {8BC8F3C7-811B-4227-A0D0-EB3BCFCC68B0}
	EndGlobalSection
EndGlobal
